
Microsoft Visual Studio Solution File, Format Version 12.00
# Visual Studio 15
VisualStudioVersion = 15.0.27428.2043
MinimumVisualStudioVersion = 10.0.40219.1
Project("{FAE04EC0-301F-11D3-BF4B-00C04F79EFBC}") = "FitMyWay", "FitMyWay\FitMyWay.csproj", "{66A8FC3A-E3E4-4BD1-AA51-20ACA85BDF75}"
EndProject
Global
	GlobalSection(SolutionConfigurationPlatforms) = preSolution
		Debug|Any CPU = Debug|Any CPU
		Release|Any CPU = Release|Any CPU
	EndGlobalSection
	GlobalSection(ProjectConfigurationPlatforms) = postSolution
		{66A8FC3A-E3E4-4BD1-AA51-20ACA85BDF75}.Debug|Any CPU.ActiveCfg = Debug|Any CPU
		{66A8FC3A-E3E4-4BD1-AA51-20ACA85BDF75}.Debug|Any CPU.Build.0 = Debug|Any CPU
		{66A8FC3A-E3E4-4BD1-AA51-20ACA85BDF75}.Release|Any CPU.ActiveCfg = Release|Any CPU
		{66A8FC3A-E3E4-4BD1-AA51-20ACA85BDF75}.Release|Any CPU.Build.0 = Release|Any CPU
	EndGlobalSection
	GlobalSection(SolutionProperties) = preSolution
		HideSolutionNode = FALSE
	EndGlobalSection
	GlobalSection(ExtensibilityGlobals) = postSolution
		SolutionGuid = {4F05ED76-2427-4DD5-99F4-08A32E0D4996}
	EndGlobalSection
EndGlobal
